
Microsoft Visual Studio Solution File, Format Version 12.00
# Visual Studio Version 17
VisualStudioVersion = 17.14.36301.6 d17.14
MinimumVisualStudioVersion = 10.0.40219.1
Project("{FAE04EC0-301F-11D3-BF4B-00C04F79EFBC}") = "DenGiaoThong", "DenGiaoThong.csproj", "{359B0EA1-82A2-49C7-9E7B-EDD03E7FC4A5}"
EndProject
Global
	GlobalSection(SolutionConfigurationPlatforms) = preSolution
		Debug|Any CPU = Debug|Any CPU
		Release|Any CPU = Release|Any CPU
	EndGlobalSection
	GlobalSection(ProjectConfigurationPlatforms) = postSolution
		{359B0EA1-82A2-49C7-9E7B-EDD03E7FC4A5}.Debug|Any CPU.ActiveCfg = Debug|Any CPU
		{359B0EA1-82A2-49C7-9E7B-EDD03E7FC4A5}.Debug|Any CPU.Build.0 = Debug|Any CPU
		{359B0EA1-82A2-49C7-9E7B-EDD03E7FC4A5}.Release|Any CPU.ActiveCfg = Release|Any CPU
		{359B0EA1-82A2-49C7-9E7B-EDD03E7FC4A5}.Release|Any CPU.Build.0 = Release|Any CPU
	EndGlobalSection
	GlobalSection(SolutionProperties) = preSolution
		HideSolutionNode = FALSE
	EndGlobalSection
	GlobalSection(ExtensibilityGlobals) = postSolution
		SolutionGuid = {8359F0FF-A798-4532-8DBA-E036D715D158}
	EndGlobalSection
EndGlobal
